
Microsoft Visual Studio Solution File, Format Version 12.00
# Visual Studio Version 17
VisualStudioVersion = 17.13.35507.96
MinimumVisualStudioVersion = 10.0.40219.1
Project("{FAE04EC0-301F-11D3-BF4B-00C04F79EFBC}") = "Gatherly.Domain", "Gatherly.Domain\Gatherly.Domain.csproj", "{C2F7D480-AAA6-4D62-B908-DC682B945740}"
EndProject
Project("{FAE04EC0-301F-11D3-BF4B-00C04F79EFBC}") = "Gatherly.Application", "Gatherly.Application\Gatherly.Application.csproj", "{421A8AE2-E732-4B12-B29B-10A391313FB9}"
EndProject
Project("{FAE04EC0-301F-11D3-BF4B-00C04F79EFBC}") = "Gatherly.Persistence", "Gatherly.Persistence\Gatherly.Persistence.csproj", "{ED679048-72E1-4D07-8FDE-CF06D478C22B}"
EndProject
Project("{FAE04EC0-301F-11D3-BF4B-00C04F79EFBC}") = "Gatherly.Infrastructure", "Gatherly.Infrastructure\Gatherly.Infrastructure.csproj", "{9362B714-64E5-4205-BA62-E88E052398B8}"
EndProject
Project("{FAE04EC0-301F-11D3-BF4B-00C04F79EFBC}") = "Gatherly.Presentation", "Gatherly.Presentation\Gatherly.Presentation.csproj", "{0844F778-0B93-455B-9B5C-BD940C4CABCF}"
EndProject
Project("{FAE04EC0-301F-11D3-BF4B-00C04F79EFBC}") = "Gatherly.App", "Gatherly.App\Gatherly.App.csproj", "{39752B9D-C248-43D7-9607-4428734E7079}"
EndProject
Project("{FAE04EC0-301F-11D3-BF4B-00C04F79EFBC}") = "Gatherly.Application.UnitTests", "Gatherly.Application.UnitTests\Gatherly.Application.UnitTests.csproj", "{03B21276-3287-4B2A-B283-4BA6DCCA52A1}"
EndProject
Project("{FAE04EC0-301F-11D3-BF4B-00C04F79EFBC}") = "Gatherly.Architecture.UnitTests", "Gatherly.Architecture.UnitTests\Gatherly.Architecture.UnitTests.csproj", "{90A9B486-95EC-48D6-8951-4BF36EEB4337}"
EndProject
Global
	GlobalSection(SolutionConfigurationPlatforms) = preSolution
		Debug|Any CPU = Debug|Any CPU
		Release|Any CPU = Release|Any CPU
	EndGlobalSection
	GlobalSection(ProjectConfigurationPlatforms) = postSolution
		{C2F7D480-AAA6-4D62-B908-DC682B945740}.Debug|Any CPU.ActiveCfg = Debug|Any CPU
		{C2F7D480-AAA6-4D62-B908-DC682B945740}.Debug|Any CPU.Build.0 = Debug|Any CPU
		{C2F7D480-AAA6-4D62-B908-DC682B945740}.Release|Any CPU.ActiveCfg = Release|Any CPU
		{C2F7D480-AAA6-4D62-B908-DC682B945740}.Release|Any CPU.Build.0 = Release|Any CPU
		{421A8AE2-E732-4B12-B29B-10A391313FB9}.Debug|Any CPU.ActiveCfg = Debug|Any CPU
		{421A8AE2-E732-4B12-B29B-10A391313FB9}.Debug|Any CPU.Build.0 = Debug|Any CPU
		{421A8AE2-E732-4B12-B29B-10A391313FB9}.Release|Any CPU.ActiveCfg = Release|Any CPU
		{421A8AE2-E732-4B12-B29B-10A391313FB9}.Release|Any CPU.Build.0 = Release|Any CPU
		{ED679048-72E1-4D07-8FDE-CF06D478C22B}.Debug|Any CPU.ActiveCfg = Debug|Any CPU
		{ED679048-72E1-4D07-8FDE-CF06D478C22B}.Debug|Any CPU.Build.0 = Debug|Any CPU
		{ED679048-72E1-4D07-8FDE-CF06D478C22B}.Release|Any CPU.ActiveCfg = Release|Any CPU
		{ED679048-72E1-4D07-8FDE-CF06D478C22B}.Release|Any CPU.Build.0 = Release|Any CPU
		{9362B714-64E5-4205-BA62-E88E052398B8}.Debug|Any CPU.ActiveCfg = Debug|Any CPU
		{9362B714-64E5-4205-BA62-E88E052398B8}.Debug|Any CPU.Build.0 = Debug|Any CPU
		{9362B714-64E5-4205-BA62-E88E052398B8}.Release|Any CPU.ActiveCfg = Release|Any CPU
		{9362B714-64E5-4205-BA62-E88E052398B8}.Release|Any CPU.Build.0 = Release|Any CPU
		{0844F778-0B93-455B-9B5C-BD940C4CABCF}.Debug|Any CPU.ActiveCfg = Debug|Any CPU
		{0844F778-0B93-455B-9B5C-BD940C4CABCF}.Debug|Any CPU.Build.0 = Debug|Any CPU
		{0844F778-0B93-455B-9B5C-BD940C4CABCF}.Release|Any CPU.ActiveCfg = Release|Any CPU
		{0844F778-0B93-455B-9B5C-BD940C4CABCF}.Release|Any CPU.Build.0 = Release|Any CPU
		{39752B9D-C248-43D7-9607-4428734E7079}.Debug|Any CPU.ActiveCfg = Debug|Any CPU
		{39752B9D-C248-43D7-9607-4428734E7079}.Debug|Any CPU.Build.0 = Debug|Any CPU
		{39752B9D-C248-43D7-9607-4428734E7079}.Release|Any CPU.ActiveCfg = Release|Any CPU
		{39752B9D-C248-43D7-9607-4428734E7079}.Release|Any CPU.Build.0 = Release|Any CPU
		{03B21276-3287-4B2A-B283-4BA6DCCA52A1}.Debug|Any CPU.ActiveCfg = Debug|Any CPU
		{03B21276-3287-4B2A-B283-4BA6DCCA52A1}.Debug|Any CPU.Build.0 = Debug|Any CPU
		{03B21276-3287-4B2A-B283-4BA6DCCA52A1}.Release|Any CPU.ActiveCfg = Release|Any CPU
		{03B21276-3287-4B2A-B283-4BA6DCCA52A1}.Release|Any CPU.Build.0 = Release|Any CPU
		{90A9B486-95EC-48D6-8951-4BF36EEB4337}.Debug|Any CPU.ActiveCfg = Debug|Any CPU
		{90A9B486-95EC-48D6-8951-4BF36EEB4337}.Debug|Any CPU.Build.0 = Debug|Any CPU
		{90A9B486-95EC-48D6-8951-4BF36EEB4337}.Release|Any CPU.ActiveCfg = Release|Any CPU
		{90A9B486-95EC-48D6-8951-4BF36EEB4337}.Release|Any CPU.Build.0 = Release|Any CPU
	EndGlobalSection
	GlobalSection(SolutionProperties) = preSolution
		HideSolutionNode = FALSE
	EndGlobalSection
	GlobalSection(ExtensibilityGlobals) = postSolution
		SolutionGuid = {4F808615-A68C-4AC5-8AF8-F8A98EC9CA60}
	EndGlobalSection
EndGlobal
